{
  "name": "2-station proxy server (local and remote)",
  "lockfileVersion": 3,
  "requires": true,
  "packages": {
    "": {
      "dependencies": {
        "sodium-native": "^4.0.4"
      }
    },
    "node_modules/node-gyp-build": {
      "version": "4.7.1",
      "resolved": "https://registry.npmjs.org/node-gyp-build/-/node-gyp-build-4.7.1.tgz",
      "integrity": "sha512-wTSrZ+8lsRRa3I3H8Xr65dLWSgCvY2l4AOnaeKdPA9TB/WYMPaTcrzf3rXvFoVvjKNVnu0CcWSx54qq9GKRUYg==",
      "bin": {
        "node-gyp-build": "bin.js",
        "node-gyp-build-optional": "optional.js",
        "node-gyp-build-test": "build-test.js"
      }
    },
    "node_modules/sodium-native": {
      "version": "4.0.4",
      "resolved": "https://registry.npmjs.org/sodium-native/-/sodium-native-4.0.4.tgz",
      "integrity": "sha512-faqOKw4WQKK7r/ybn6Lqo1F9+L5T6NlBJJYvpxbZPetpWylUVqz449mvlwIBKBqxEHbWakWuOlUt8J3Qpc4sWw==",
      "hasInstallScript": true,
      "dependencies": {
        "node-gyp-build": "^4.6.0"
      }
    }
  }
}
